
Microsoft Visual Studio Solution File, Format Version 12.00
# Visual Studio 2013
VisualStudioVersion = 12.0.30723.0
MinimumVisualStudioVersion = 10.0.40219.1
Project("{2150E333-8FDC-42A3-9474-1A3956D46DE8}") = "1-CEMS.Presentation", "1-CEMS.Presentation", "{02ACE168-6775-45FC-9D10-9FD43962B7AC}"
EndProject
Project("{2150E333-8FDC-42A3-9474-1A3956D46DE8}") = "2-CEMS.Service", "2-CEMS.Service", "{7E695E7D-C026-44EE-9C33-2BD590CECD10}"
EndProject
Project("{2150E333-8FDC-42A3-9474-1A3956D46DE8}") = "3-CEMS.Entity", "3-CEMS.Entity", "{DD6D83DE-03F7-4048-AF8C-7AE786F33E3D}"
EndProject
Project("{2150E333-8FDC-42A3-9474-1A3956D46DE8}") = "4-CEMS.Framework", "4-CEMS.Framework", "{65A1DE34-73E8-4AA8-93EC-FF9D9F53D952}"
EndProject
Project("{FAE04EC0-301F-11D3-BF4B-00C04F79EFBC}") = "Richnova.CEMS.Framework.Cache", "Richnova.CEMS.Framework.Cache\Richnova.CEMS.Framework.Cache.csproj", "{57DE61A1-BA3D-47B9-94DE-B7E2D290F344}"
EndProject
Project("{FAE04EC0-301F-11D3-BF4B-00C04F79EFBC}") = "Richnova.CEMS.Framework.Data", "Richnova.CEMS.Framework.Data\Richnova.CEMS.Framework.Data.csproj", "{3FF7F5DA-DE89-443D-A4FC-FD9D833ABF41}"
EndProject
Project("{FAE04EC0-301F-11D3-BF4B-00C04F79EFBC}") = "Richnova.CEMS.Framework.Library", "Richnova.CEMS.Framework.Library\Richnova.CEMS.Framework.Library.csproj", "{8E50065E-9F8F-4701-A12E-49AD2607CA6C}"
EndProject
Project("{FAE04EC0-301F-11D3-BF4B-00C04F79EFBC}") = "Richnova.CEMS.Framework.Logger", "Richnova.CEMS.Framework.Logger\Richnova.CEMS.Framework.Logger.csproj", "{E55D9E83-A123-4A90-A3B1-E99A93666D13}"
EndProject
Project("{FAE04EC0-301F-11D3-BF4B-00C04F79EFBC}") = "Richnova.CEMS.Framework.Utility", "Richnova.CEMS.Framework.Utility\Richnova.CEMS.Framework.Utility.csproj", "{848D493C-8A56-45FC-BF3B-51988D9C9A87}"
EndProject
Project("{FAE04EC0-301F-11D3-BF4B-00C04F79EFBC}") = "Richnova.CEMS.Entity.Basis", "Richnova.CEMS.Entity.Basis\Richnova.CEMS.Entity.Basis.csproj", "{5AAAE30D-AF45-4ECE-A099-4FBDDB590484}"
EndProject
Project("{FAE04EC0-301F-11D3-BF4B-00C04F79EFBC}") = "Richnova.CEMS.Entity.Auth", "Richnova.CEMS.Entity.Auth\Richnova.CEMS.Entity.Auth.csproj", "{7414AC09-EC2F-45DB-A39E-A50EF7FBEC1E}"
EndProject
Project("{FAE04EC0-301F-11D3-BF4B-00C04F79EFBC}") = "Richnova.CEMS.Entity.Reports", "Richnova.CEMS.Entity.Reports\Richnova.CEMS.Entity.Reports.csproj", "{72004A9B-A3CB-4DD8-AC42-2D07DD02C4E1}"
EndProject
Project("{FAE04EC0-301F-11D3-BF4B-00C04F79EFBC}") = "Richnova.CEMS.Service.Auth", "Richnova.CEMS.Service.Auth\Richnova.CEMS.Service.Auth.csproj", "{18EF999C-F852-45A7-8530-5F7503C1FBFD}"
EndProject
Project("{FAE04EC0-301F-11D3-BF4B-00C04F79EFBC}") = "Richnova.CEMS.Service.Basis", "Richnova.CEMS.Service.Basis\Richnova.CEMS.Service.Basis.csproj", "{B752B43F-8207-4D6B-A356-B3E0F0E4EB5A}"
EndProject
Project("{FAE04EC0-301F-11D3-BF4B-00C04F79EFBC}") = "Richnova.CEMS.Service.Reports", "Richnova.CEMS.Service.Reports\Richnova.CEMS.Service.Reports.csproj", "{5B1725C1-84B8-4AD6-AA68-0B85E64C10B4}"
EndProject
Project("{FAE04EC0-301F-11D3-BF4B-00C04F79EFBC}") = "Richnova.CEMS.Framework.Web", "Richnova.CEMS.Framework.Web\Richnova.CEMS.Framework.Web.csproj", "{50A059E7-2D62-4CC6-86AC-8D3E8B9F08F9}"
EndProject
Project("{FAE04EC0-301F-11D3-BF4B-00C04F79EFBC}") = "Richnova.CEMS.Application.Group", "Richnova.CEMS.Application.Group\Richnova.CEMS.Application.Group.csproj", "{A7FF13BB-AEF3-4442-B026-B2DB8BCC8A79}"
EndProject
Project("{FAE04EC0-301F-11D3-BF4B-00C04F79EFBC}") = "Richnova.CEMS.Application.Enterprise", "Richnova.CEMS.Application.Enterprise\Richnova.CEMS.Application.Enterprise.csproj", "{5C921329-A6A2-4440-83C6-468309CA087A}"
EndProject
Project("{FAE04EC0-301F-11D3-BF4B-00C04F79EFBC}") = "Richnova.CEMS.Application.Lang", "Richnova.CEMS.Application.Lang\Richnova.CEMS.Application.Lang.csproj", "{4C40ECD4-6433-4B62-B0E0-908417531F2E}"
EndProject
Project("{2150E333-8FDC-42A3-9474-1A3956D46DE8}") = "Application", "Application", "{6E0628F5-F431-42EB-850A-C65607DD3DD0}"
EndProject
Project("{2150E333-8FDC-42A3-9474-1A3956D46DE8}") = "Languages", "Languages", "{938B4856-1ED0-4C8C-8626-878891F494C1}"
EndProject
Project("{2150E333-8FDC-42A3-9474-1A3956D46DE8}") = "5-CEMS.Installer", "5-CEMS.Installer", "{DC9154FA-5ECE-444A-8C58-A0C2834CB265}"
EndProject
Project("{FAE04EC0-301F-11D3-BF4B-00C04F79EFBC}") = "Richnova.CEMS.Entity.Basic", "Richnova.CEMS.Entity.Basic\Richnova.CEMS.Entity.Basic.csproj", "{00EB94D0-09F9-45AC-A2B0-F6DA0D860331}"
EndProject
Project("{FAE04EC0-301F-11D3-BF4B-00C04F79EFBC}") = "Richnova.CEMS.Service.Basic", "Richnova.CEMS.Service.Basic\Richnova.CEMS.Service.Basic.csproj", "{60949298-5353-440B-9BA3-13CD45EFE220}"
EndProject
Global
	GlobalSection(SolutionConfigurationPlatforms) = preSolution
		Debug|Any CPU = Debug|Any CPU
		Release|Any CPU = Release|Any CPU
	EndGlobalSection
	GlobalSection(ProjectConfigurationPlatforms) = postSolution
		{57DE61A1-BA3D-47B9-94DE-B7E2D290F344}.Debug|Any CPU.ActiveCfg = Debug|Any CPU
		{57DE61A1-BA3D-47B9-94DE-B7E2D290F344}.Debug|Any CPU.Build.0 = Debug|Any CPU
		{57DE61A1-BA3D-47B9-94DE-B7E2D290F344}.Release|Any CPU.ActiveCfg = Release|Any CPU
		{57DE61A1-BA3D-47B9-94DE-B7E2D290F344}.Release|Any CPU.Build.0 = Release|Any CPU
		{3FF7F5DA-DE89-443D-A4FC-FD9D833ABF41}.Debug|Any CPU.ActiveCfg = Debug|Any CPU
		{3FF7F5DA-DE89-443D-A4FC-FD9D833ABF41}.Debug|Any CPU.Build.0 = Debug|Any CPU
		{3FF7F5DA-DE89-443D-A4FC-FD9D833ABF41}.Release|Any CPU.ActiveCfg = Release|Any CPU
		{3FF7F5DA-DE89-443D-A4FC-FD9D833ABF41}.Release|Any CPU.Build.0 = Release|Any CPU
		{8E50065E-9F8F-4701-A12E-49AD2607CA6C}.Debug|Any CPU.ActiveCfg = Debug|Any CPU
		{8E50065E-9F8F-4701-A12E-49AD2607CA6C}.Debug|Any CPU.Build.0 = Debug|Any CPU
		{8E50065E-9F8F-4701-A12E-49AD2607CA6C}.Release|Any CPU.ActiveCfg = Release|Any CPU
		{8E50065E-9F8F-4701-A12E-49AD2607CA6C}.Release|Any CPU.Build.0 = Release|Any CPU
		{E55D9E83-A123-4A90-A3B1-E99A93666D13}.Debug|Any CPU.ActiveCfg = Debug|Any CPU
		{E55D9E83-A123-4A90-A3B1-E99A93666D13}.Debug|Any CPU.Build.0 = Debug|Any CPU
		{E55D9E83-A123-4A90-A3B1-E99A93666D13}.Release|Any CPU.ActiveCfg = Release|Any CPU
		{E55D9E83-A123-4A90-A3B1-E99A93666D13}.Release|Any CPU.Build.0 = Release|Any CPU
		{848D493C-8A56-45FC-BF3B-51988D9C9A87}.Debug|Any CPU.ActiveCfg = Debug|Any CPU
		{848D493C-8A56-45FC-BF3B-51988D9C9A87}.Debug|Any CPU.Build.0 = Debug|Any CPU
		{848D493C-8A56-45FC-BF3B-51988D9C9A87}.Release|Any CPU.ActiveCfg = Release|Any CPU
		{848D493C-8A56-45FC-BF3B-51988D9C9A87}.Release|Any CPU.Build.0 = Release|Any CPU
		{5AAAE30D-AF45-4ECE-A099-4FBDDB590484}.Debug|Any CPU.ActiveCfg = Debug|Any CPU
		{5AAAE30D-AF45-4ECE-A099-4FBDDB590484}.Debug|Any CPU.Build.0 = Debug|Any CPU
		{5AAAE30D-AF45-4ECE-A099-4FBDDB590484}.Release|Any CPU.ActiveCfg = Release|Any CPU
		{5AAAE30D-AF45-4ECE-A099-4FBDDB590484}.Release|Any CPU.Build.0 = Release|Any CPU
		{7414AC09-EC2F-45DB-A39E-A50EF7FBEC1E}.Debug|Any CPU.ActiveCfg = Debug|Any CPU
		{7414AC09-EC2F-45DB-A39E-A50EF7FBEC1E}.Debug|Any CPU.Build.0 = Debug|Any CPU
		{7414AC09-EC2F-45DB-A39E-A50EF7FBEC1E}.Release|Any CPU.ActiveCfg = Release|Any CPU
		{7414AC09-EC2F-45DB-A39E-A50EF7FBEC1E}.Release|Any CPU.Build.0 = Release|Any CPU
		{72004A9B-A3CB-4DD8-AC42-2D07DD02C4E1}.Debug|Any CPU.ActiveCfg = Debug|Any CPU
		{72004A9B-A3CB-4DD8-AC42-2D07DD02C4E1}.Debug|Any CPU.Build.0 = Debug|Any CPU
		{72004A9B-A3CB-4DD8-AC42-2D07DD02C4E1}.Release|Any CPU.ActiveCfg = Release|Any CPU
		{72004A9B-A3CB-4DD8-AC42-2D07DD02C4E1}.Release|Any CPU.Build.0 = Release|Any CPU
		{18EF999C-F852-45A7-8530-5F7503C1FBFD}.Debug|Any CPU.ActiveCfg = Debug|Any CPU
		{18EF999C-F852-45A7-8530-5F7503C1FBFD}.Debug|Any CPU.Build.0 = Debug|Any CPU
		{18EF999C-F852-45A7-8530-5F7503C1FBFD}.Release|Any CPU.ActiveCfg = Release|Any CPU
		{18EF999C-F852-45A7-8530-5F7503C1FBFD}.Release|Any CPU.Build.0 = Release|Any CPU
		{B752B43F-8207-4D6B-A356-B3E0F0E4EB5A}.Debug|Any CPU.ActiveCfg = Debug|Any CPU
		{B752B43F-8207-4D6B-A356-B3E0F0E4EB5A}.Debug|Any CPU.Build.0 = Debug|Any CPU
		{B752B43F-8207-4D6B-A356-B3E0F0E4EB5A}.Release|Any CPU.ActiveCfg = Release|Any CPU
		{B752B43F-8207-4D6B-A356-B3E0F0E4EB5A}.Release|Any CPU.Build.0 = Release|Any CPU
		{5B1725C1-84B8-4AD6-AA68-0B85E64C10B4}.Debug|Any CPU.ActiveCfg = Debug|Any CPU
		{5B1725C1-84B8-4AD6-AA68-0B85E64C10B4}.Debug|Any CPU.Build.0 = Debug|Any CPU
		{5B1725C1-84B8-4AD6-AA68-0B85E64C10B4}.Release|Any CPU.ActiveCfg = Release|Any CPU
		{5B1725C1-84B8-4AD6-AA68-0B85E64C10B4}.Release|Any CPU.Build.0 = Release|Any CPU
		{50A059E7-2D62-4CC6-86AC-8D3E8B9F08F9}.Debug|Any CPU.ActiveCfg = Debug|Any CPU
		{50A059E7-2D62-4CC6-86AC-8D3E8B9F08F9}.Debug|Any CPU.Build.0 = Debug|Any CPU
		{50A059E7-2D62-4CC6-86AC-8D3E8B9F08F9}.Release|Any CPU.ActiveCfg = Release|Any CPU
		{50A059E7-2D62-4CC6-86AC-8D3E8B9F08F9}.Release|Any CPU.Build.0 = Release|Any CPU
		{A7FF13BB-AEF3-4442-B026-B2DB8BCC8A79}.Debug|Any CPU.ActiveCfg = Debug|Any CPU
		{A7FF13BB-AEF3-4442-B026-B2DB8BCC8A79}.Debug|Any CPU.Build.0 = Debug|Any CPU
		{A7FF13BB-AEF3-4442-B026-B2DB8BCC8A79}.Release|Any CPU.ActiveCfg = Release|Any CPU
		{A7FF13BB-AEF3-4442-B026-B2DB8BCC8A79}.Release|Any CPU.Build.0 = Release|Any CPU
		{5C921329-A6A2-4440-83C6-468309CA087A}.Debug|Any CPU.ActiveCfg = Debug|Any CPU
		{5C921329-A6A2-4440-83C6-468309CA087A}.Debug|Any CPU.Build.0 = Debug|Any CPU
		{5C921329-A6A2-4440-83C6-468309CA087A}.Release|Any CPU.ActiveCfg = Release|Any CPU
		{5C921329-A6A2-4440-83C6-468309CA087A}.Release|Any CPU.Build.0 = Release|Any CPU
		{4C40ECD4-6433-4B62-B0E0-908417531F2E}.Debug|Any CPU.ActiveCfg = Debug|Any CPU
		{4C40ECD4-6433-4B62-B0E0-908417531F2E}.Debug|Any CPU.Build.0 = Debug|Any CPU
		{4C40ECD4-6433-4B62-B0E0-908417531F2E}.Release|Any CPU.ActiveCfg = Release|Any CPU
		{4C40ECD4-6433-4B62-B0E0-908417531F2E}.Release|Any CPU.Build.0 = Release|Any CPU
		{00EB94D0-09F9-45AC-A2B0-F6DA0D860331}.Debug|Any CPU.ActiveCfg = Debug|Any CPU
		{00EB94D0-09F9-45AC-A2B0-F6DA0D860331}.Debug|Any CPU.Build.0 = Debug|Any CPU
		{00EB94D0-09F9-45AC-A2B0-F6DA0D860331}.Release|Any CPU.ActiveCfg = Release|Any CPU
		{00EB94D0-09F9-45AC-A2B0-F6DA0D860331}.Release|Any CPU.Build.0 = Release|Any CPU
		{60949298-5353-440B-9BA3-13CD45EFE220}.Debug|Any CPU.ActiveCfg = Debug|Any CPU
		{60949298-5353-440B-9BA3-13CD45EFE220}.Debug|Any CPU.Build.0 = Debug|Any CPU
		{60949298-5353-440B-9BA3-13CD45EFE220}.Release|Any CPU.ActiveCfg = Release|Any CPU
		{60949298-5353-440B-9BA3-13CD45EFE220}.Release|Any CPU.Build.0 = Release|Any CPU
	EndGlobalSection
	GlobalSection(SolutionProperties) = preSolution
		HideSolutionNode = FALSE
	EndGlobalSection
	GlobalSection(NestedProjects) = preSolution
		{57DE61A1-BA3D-47B9-94DE-B7E2D290F344} = {65A1DE34-73E8-4AA8-93EC-FF9D9F53D952}
		{3FF7F5DA-DE89-443D-A4FC-FD9D833ABF41} = {65A1DE34-73E8-4AA8-93EC-FF9D9F53D952}
		{8E50065E-9F8F-4701-A12E-49AD2607CA6C} = {65A1DE34-73E8-4AA8-93EC-FF9D9F53D952}
		{E55D9E83-A123-4A90-A3B1-E99A93666D13} = {65A1DE34-73E8-4AA8-93EC-FF9D9F53D952}
		{848D493C-8A56-45FC-BF3B-51988D9C9A87} = {65A1DE34-73E8-4AA8-93EC-FF9D9F53D952}
		{5AAAE30D-AF45-4ECE-A099-4FBDDB590484} = {DD6D83DE-03F7-4048-AF8C-7AE786F33E3D}
		{7414AC09-EC2F-45DB-A39E-A50EF7FBEC1E} = {DD6D83DE-03F7-4048-AF8C-7AE786F33E3D}
		{72004A9B-A3CB-4DD8-AC42-2D07DD02C4E1} = {DD6D83DE-03F7-4048-AF8C-7AE786F33E3D}
		{18EF999C-F852-45A7-8530-5F7503C1FBFD} = {7E695E7D-C026-44EE-9C33-2BD590CECD10}
		{B752B43F-8207-4D6B-A356-B3E0F0E4EB5A} = {7E695E7D-C026-44EE-9C33-2BD590CECD10}
		{5B1725C1-84B8-4AD6-AA68-0B85E64C10B4} = {7E695E7D-C026-44EE-9C33-2BD590CECD10}
		{50A059E7-2D62-4CC6-86AC-8D3E8B9F08F9} = {65A1DE34-73E8-4AA8-93EC-FF9D9F53D952}
		{A7FF13BB-AEF3-4442-B026-B2DB8BCC8A79} = {6E0628F5-F431-42EB-850A-C65607DD3DD0}
		{5C921329-A6A2-4440-83C6-468309CA087A} = {6E0628F5-F431-42EB-850A-C65607DD3DD0}
		{4C40ECD4-6433-4B62-B0E0-908417531F2E} = {938B4856-1ED0-4C8C-8626-878891F494C1}
		{6E0628F5-F431-42EB-850A-C65607DD3DD0} = {02ACE168-6775-45FC-9D10-9FD43962B7AC}
		{938B4856-1ED0-4C8C-8626-878891F494C1} = {02ACE168-6775-45FC-9D10-9FD43962B7AC}
		{00EB94D0-09F9-45AC-A2B0-F6DA0D860331} = {DD6D83DE-03F7-4048-AF8C-7AE786F33E3D}
		{60949298-5353-440B-9BA3-13CD45EFE220} = {7E695E7D-C026-44EE-9C33-2BD590CECD10}
	EndGlobalSection
	GlobalSection(SubversionScc) = preSolution
		Svn-Managed = True
		Manager = AnkhSVN - Subversion Support for Visual Studio
	EndGlobalSection
EndGlobal
